
Microsoft Visual Studio Solution File, Format Version 12.00
# Visual Studio Version 17
VisualStudioVersion = 17.3.32922.545
MinimumVisualStudioVersion = 10.0.40219.1
Project("{FAE04EC0-301F-11D3-BF4B-00C04F79EFBC}") = "laba_9", "laba_9.csproj", "{EA6C9242-0C2A-4CC7-9046-A7DF16754095}"
EndProject
Global
	GlobalSection(SolutionConfigurationPlatforms) = preSolution
		Debug|Any CPU = Debug|Any CPU
		Release|Any CPU = Release|Any CPU
	EndGlobalSection
	GlobalSection(ProjectConfigurationPlatforms) = postSolution
		{EA6C9242-0C2A-4CC7-9046-A7DF16754095}.Debug|Any CPU.ActiveCfg = Debug|Any CPU
		{EA6C9242-0C2A-4CC7-9046-A7DF16754095}.Debug|Any CPU.Build.0 = Debug|Any CPU
		{EA6C9242-0C2A-4CC7-9046-A7DF16754095}.Release|Any CPU.ActiveCfg = Release|Any CPU
		{EA6C9242-0C2A-4CC7-9046-A7DF16754095}.Release|Any CPU.Build.0 = Release|Any CPU
	EndGlobalSection
	GlobalSection(SolutionProperties) = preSolution
		HideSolutionNode = FALSE
	EndGlobalSection
	GlobalSection(ExtensibilityGlobals) = postSolution
		SolutionGuid = {9E7D4C59-C7F7-4F4C-AB9C-71A27238C837}
	EndGlobalSection
EndGlobal
