
Microsoft Visual Studio Solution File, Format Version 12.00
# Visual Studio Version 17
VisualStudioVersion = 17.3.32922.545
MinimumVisualStudioVersion = 10.0.40219.1
Project("{FAE04EC0-301F-11D3-BF4B-00C04F79EFBC}") = "laba_12", "laba_12.csproj", "{DD5778F0-C7AB-48B9-9909-CDA858BF45A5}"
EndProject
Global
	GlobalSection(SolutionConfigurationPlatforms) = preSolution
		Debug|Any CPU = Debug|Any CPU
		Release|Any CPU = Release|Any CPU
	EndGlobalSection
	GlobalSection(ProjectConfigurationPlatforms) = postSolution
		{DD5778F0-C7AB-48B9-9909-CDA858BF45A5}.Debug|Any CPU.ActiveCfg = Debug|Any CPU
		{DD5778F0-C7AB-48B9-9909-CDA858BF45A5}.Debug|Any CPU.Build.0 = Debug|Any CPU
		{DD5778F0-C7AB-48B9-9909-CDA858BF45A5}.Release|Any CPU.ActiveCfg = Release|Any CPU
		{DD5778F0-C7AB-48B9-9909-CDA858BF45A5}.Release|Any CPU.Build.0 = Release|Any CPU
	EndGlobalSection
	GlobalSection(SolutionProperties) = preSolution
		HideSolutionNode = FALSE
	EndGlobalSection
	GlobalSection(ExtensibilityGlobals) = postSolution
		SolutionGuid = {D7111162-EF5B-43E5-89F9-D6611D964210}
	EndGlobalSection
EndGlobal
